
Microsoft Visual Studio Solution File, Format Version 12.00
# Visual Studio Version 17
VisualStudioVersion = 17.5.2.0
MinimumVisualStudioVersion = 10.0.40219.1
Project("{FAE04EC0-301F-11D3-BF4B-00C04F79EFBC}") = "Lesson-1", "Lesson-1\Lesson-1.csproj", "{1ED3D17F-34DF-508E-B954-1FC64ACE4C8D}"
EndProject
Project("{FAE04EC0-301F-11D3-BF4B-00C04F79EFBC}") = "Lesson-1.Tests", "Lesson-1.Tests\Lesson-1.Tests.csproj", "{19F4B976-C4B3-4C74-A245-2E33C133CBB4}"
EndProject
Global
	GlobalSection(SolutionConfigurationPlatforms) = preSolution
		Debug|Any CPU = Debug|Any CPU
		Debug|x64 = Debug|x64
		Debug|x86 = Debug|x86
		Release|Any CPU = Release|Any CPU
		Release|x64 = Release|x64
		Release|x86 = Release|x86
	EndGlobalSection
	GlobalSection(ProjectConfigurationPlatforms) = postSolution
		{1ED3D17F-34DF-508E-B954-1FC64ACE4C8D}.Debug|Any CPU.ActiveCfg = Debug|Any CPU
		{1ED3D17F-34DF-508E-B954-1FC64ACE4C8D}.Debug|Any CPU.Build.0 = Debug|Any CPU
		{1ED3D17F-34DF-508E-B954-1FC64ACE4C8D}.Debug|x64.ActiveCfg = Debug|Any CPU
		{1ED3D17F-34DF-508E-B954-1FC64ACE4C8D}.Debug|x64.Build.0 = Debug|Any CPU
		{1ED3D17F-34DF-508E-B954-1FC64ACE4C8D}.Debug|x86.ActiveCfg = Debug|Any CPU
		{1ED3D17F-34DF-508E-B954-1FC64ACE4C8D}.Debug|x86.Build.0 = Debug|Any CPU
		{1ED3D17F-34DF-508E-B954-1FC64ACE4C8D}.Release|Any CPU.ActiveCfg = Release|Any CPU
		{1ED3D17F-34DF-508E-B954-1FC64ACE4C8D}.Release|Any CPU.Build.0 = Release|Any CPU
		{1ED3D17F-34DF-508E-B954-1FC64ACE4C8D}.Release|x64.ActiveCfg = Release|Any CPU
		{1ED3D17F-34DF-508E-B954-1FC64ACE4C8D}.Release|x64.Build.0 = Release|Any CPU
		{1ED3D17F-34DF-508E-B954-1FC64ACE4C8D}.Release|x86.ActiveCfg = Release|Any CPU
		{1ED3D17F-34DF-508E-B954-1FC64ACE4C8D}.Release|x86.Build.0 = Release|Any CPU
		{19F4B976-C4B3-4C74-A245-2E33C133CBB4}.Debug|Any CPU.ActiveCfg = Debug|Any CPU
		{19F4B976-C4B3-4C74-A245-2E33C133CBB4}.Debug|Any CPU.Build.0 = Debug|Any CPU
		{19F4B976-C4B3-4C74-A245-2E33C133CBB4}.Debug|x64.ActiveCfg = Debug|Any CPU
		{19F4B976-C4B3-4C74-A245-2E33C133CBB4}.Debug|x64.Build.0 = Debug|Any CPU
		{19F4B976-C4B3-4C74-A245-2E33C133CBB4}.Debug|x86.ActiveCfg = Debug|Any CPU
		{19F4B976-C4B3-4C74-A245-2E33C133CBB4}.Debug|x86.Build.0 = Debug|Any CPU
		{19F4B976-C4B3-4C74-A245-2E33C133CBB4}.Release|Any CPU.ActiveCfg = Release|Any CPU
		{19F4B976-C4B3-4C74-A245-2E33C133CBB4}.Release|Any CPU.Build.0 = Release|Any CPU
		{19F4B976-C4B3-4C74-A245-2E33C133CBB4}.Release|x64.ActiveCfg = Release|Any CPU
		{19F4B976-C4B3-4C74-A245-2E33C133CBB4}.Release|x64.Build.0 = Release|Any CPU
		{19F4B976-C4B3-4C74-A245-2E33C133CBB4}.Release|x86.ActiveCfg = Release|Any CPU
		{19F4B976-C4B3-4C74-A245-2E33C133CBB4}.Release|x86.Build.0 = Release|Any CPU
	EndGlobalSection
	GlobalSection(SolutionProperties) = preSolution
		HideSolutionNode = FALSE
	EndGlobalSection
	GlobalSection(ExtensibilityGlobals) = postSolution
		SolutionGuid = {1B597301-839D-4137-BBEE-A2AA00177D04}
	EndGlobalSection
EndGlobal
